
Microsoft Visual Studio Solution File, Format Version 12.00
# Visual Studio 15
VisualStudioVersion = 15.0.28307.421
MinimumVisualStudioVersion = 10.0.40219.1
Project("{2150E333-8FDC-42A3-9474-1A3956D46DE8}") = "src", "src", "{DEAAB38C-22F7-41C7-9461-C2228D85B2FC}"
EndProject
Project("{2150E333-8FDC-42A3-9474-1A3956D46DE8}") = "test", "test", "{123ECAD1-2762-4F08-9EBE-2C720179C772}"
EndProject
Project("{FAE04EC0-301F-11D3-BF4B-00C04F79EFBC}") = "JasmineDotNet", "src\JasmineDotNet\JasmineDotNet.csproj", "{66705084-8C43-4D35-B86C-6EC706969665}"
EndProject
Project("{FAE04EC0-301F-11D3-BF4B-00C04F79EFBC}") = "JasmineRunner", "src\JasmineRunner\JasmineRunner.csproj", "{5B6166B2-571F-4682-BC0E-6C69F136DA8C}"
EndProject
Project("{FAE04EC0-301F-11D3-BF4B-00C04F79EFBC}") = "JasmineDotNet.Unit.Test", "test\JasmineDotNet.Unit.Test\JasmineDotNet.Unit.Test.csproj", "{261310B9-CCAC-44F1-8AEA-F0DC6C3038FA}"
EndProject
Project("{FAE04EC0-301F-11D3-BF4B-00C04F79EFBC}") = "SampleSpec", "test\SampleSpec\SampleSpec.csproj", "{EEF82057-6DED-4EC8-85BA-8688B9248D08}"
EndProject
Global
	GlobalSection(SolutionConfigurationPlatforms) = preSolution
		Debug|Any CPU = Debug|Any CPU
		Release|Any CPU = Release|Any CPU
	EndGlobalSection
	GlobalSection(ProjectConfigurationPlatforms) = postSolution
		{66705084-8C43-4D35-B86C-6EC706969665}.Debug|Any CPU.ActiveCfg = Debug|Any CPU
		{66705084-8C43-4D35-B86C-6EC706969665}.Debug|Any CPU.Build.0 = Debug|Any CPU
		{66705084-8C43-4D35-B86C-6EC706969665}.Release|Any CPU.ActiveCfg = Release|Any CPU
		{66705084-8C43-4D35-B86C-6EC706969665}.Release|Any CPU.Build.0 = Release|Any CPU
		{5B6166B2-571F-4682-BC0E-6C69F136DA8C}.Debug|Any CPU.ActiveCfg = Debug|Any CPU
		{5B6166B2-571F-4682-BC0E-6C69F136DA8C}.Debug|Any CPU.Build.0 = Debug|Any CPU
		{5B6166B2-571F-4682-BC0E-6C69F136DA8C}.Release|Any CPU.ActiveCfg = Release|Any CPU
		{5B6166B2-571F-4682-BC0E-6C69F136DA8C}.Release|Any CPU.Build.0 = Release|Any CPU
		{261310B9-CCAC-44F1-8AEA-F0DC6C3038FA}.Debug|Any CPU.ActiveCfg = Debug|Any CPU
		{261310B9-CCAC-44F1-8AEA-F0DC6C3038FA}.Debug|Any CPU.Build.0 = Debug|Any CPU
		{261310B9-CCAC-44F1-8AEA-F0DC6C3038FA}.Release|Any CPU.ActiveCfg = Release|Any CPU
		{261310B9-CCAC-44F1-8AEA-F0DC6C3038FA}.Release|Any CPU.Build.0 = Release|Any CPU
		{EEF82057-6DED-4EC8-85BA-8688B9248D08}.Debug|Any CPU.ActiveCfg = Debug|Any CPU
		{EEF82057-6DED-4EC8-85BA-8688B9248D08}.Debug|Any CPU.Build.0 = Debug|Any CPU
		{EEF82057-6DED-4EC8-85BA-8688B9248D08}.Release|Any CPU.ActiveCfg = Release|Any CPU
		{EEF82057-6DED-4EC8-85BA-8688B9248D08}.Release|Any CPU.Build.0 = Release|Any CPU
	EndGlobalSection
	GlobalSection(SolutionProperties) = preSolution
		HideSolutionNode = FALSE
	EndGlobalSection
	GlobalSection(NestedProjects) = preSolution
		{66705084-8C43-4D35-B86C-6EC706969665} = {DEAAB38C-22F7-41C7-9461-C2228D85B2FC}
		{5B6166B2-571F-4682-BC0E-6C69F136DA8C} = {DEAAB38C-22F7-41C7-9461-C2228D85B2FC}
		{261310B9-CCAC-44F1-8AEA-F0DC6C3038FA} = {123ECAD1-2762-4F08-9EBE-2C720179C772}
		{EEF82057-6DED-4EC8-85BA-8688B9248D08} = {123ECAD1-2762-4F08-9EBE-2C720179C772}
	EndGlobalSection
	GlobalSection(ExtensibilityGlobals) = postSolution
		SolutionGuid = {BB00B313-2AF7-47E0-B917-26F32934007F}
	EndGlobalSection
EndGlobal
