
Microsoft Visual Studio Solution File, Format Version 12.00
# Visual Studio 15
VisualStudioVersion = 15.0.27703.2035
MinimumVisualStudioVersion = 10.0.40219.1
Project("{2150E333-8FDC-42A3-9474-1A3956D46DE8}") = "DataBase", "DataBase", "{C60764FB-4206-45A7-B1F1-AE271F4B02D4}"
	ProjectSection(SolutionItems) = preProject
		DataBase\DataBaseConfiguration.cs = DataBase\DataBaseConfiguration.cs
		DataBase\WiMi.sqlite = DataBase\WiMi.sqlite
	EndProjectSection
EndProject
Project("{2150E333-8FDC-42A3-9474-1A3956D46DE8}") = "src", "src", "{F833394B-096A-4197-90A7-FE00AA45F711}"
EndProject
Project("{2150E333-8FDC-42A3-9474-1A3956D46DE8}") = "test", "test", "{BF2FC097-39C7-4B26-B84A-A4BC648F969E}"
EndProject
Project("{9A19103F-16F7-4668-BE54-9A1E7A4F7556}") = "WiMi.CrossCutting", "src\WiMi.CrossCutting\WiMi.CrossCutting.csproj", "{1D86B447-9A0F-4AC0-B83A-3BACB13B89F4}"
EndProject
Project("{9A19103F-16F7-4668-BE54-9A1E7A4F7556}") = "WiMi.Domain", "src\WiMi.Domain\WiMi.Domain.csproj", "{7662E824-5B7E-4A6F-92D1-DAEB2D19C37C}"
EndProject
Project("{9A19103F-16F7-4668-BE54-9A1E7A4F7556}") = "WiMi.Migrations.SQLite", "src\WiMi.Migrations.SQLite\WiMi.Migrations.SQLite.csproj", "{D4D1E1AA-1D64-4DC6-BBAE-F602374668D9}"
EndProject
Project("{9A19103F-16F7-4668-BE54-9A1E7A4F7556}") = "WiMi.Repositories.SQLite", "src\WiMi.Repositories.SQLite\WiMi.Repositories.SQLite.csproj", "{5DA2B5FF-05F2-4A17-B105-35C1650C2F13}"
EndProject
Project("{9A19103F-16F7-4668-BE54-9A1E7A4F7556}") = "WiMi.Web", "src\WiMi.Web\WiMi.Web.csproj", "{CD95EB3E-89E7-4013-B248-B90436C58B7C}"
EndProject
Project("{9A19103F-16F7-4668-BE54-9A1E7A4F7556}") = "WiMi.Domain.Unit.Test", "test\WiMi.Domain.Unit.Test\WiMi.Domain.Unit.Test.csproj", "{1A2DD6FE-F6DA-4EBC-A5B2-6306F6329D9B}"
EndProject
Project("{9A19103F-16F7-4668-BE54-9A1E7A4F7556}") = "WiMi.Web.Unit.Test", "test\WiMi.Web.Unit.Test\WiMi.Web.Unit.Test.csproj", "{E0D8E439-A472-4A2C-B2B4-2165AD13BC89}"
EndProject
Project("{2150E333-8FDC-42A3-9474-1A3956D46DE8}") = "Solution Items", "Solution Items", "{BF02CF25-7ED6-4E28-B775-8C42367B80C9}"
	ProjectSection(SolutionItems) = preProject
		dependencies.props = dependencies.props
		Directory.Build.props = Directory.Build.props
		README.md = README.md
	EndProjectSection
EndProject
Global
	GlobalSection(SolutionConfigurationPlatforms) = preSolution
		Debug|Any CPU = Debug|Any CPU
		Release|Any CPU = Release|Any CPU
	EndGlobalSection
	GlobalSection(ProjectConfigurationPlatforms) = postSolution
		{1D86B447-9A0F-4AC0-B83A-3BACB13B89F4}.Debug|Any CPU.ActiveCfg = Debug|Any CPU
		{1D86B447-9A0F-4AC0-B83A-3BACB13B89F4}.Debug|Any CPU.Build.0 = Debug|Any CPU
		{1D86B447-9A0F-4AC0-B83A-3BACB13B89F4}.Release|Any CPU.ActiveCfg = Release|Any CPU
		{1D86B447-9A0F-4AC0-B83A-3BACB13B89F4}.Release|Any CPU.Build.0 = Release|Any CPU
		{7662E824-5B7E-4A6F-92D1-DAEB2D19C37C}.Debug|Any CPU.ActiveCfg = Debug|Any CPU
		{7662E824-5B7E-4A6F-92D1-DAEB2D19C37C}.Debug|Any CPU.Build.0 = Debug|Any CPU
		{7662E824-5B7E-4A6F-92D1-DAEB2D19C37C}.Release|Any CPU.ActiveCfg = Release|Any CPU
		{7662E824-5B7E-4A6F-92D1-DAEB2D19C37C}.Release|Any CPU.Build.0 = Release|Any CPU
		{D4D1E1AA-1D64-4DC6-BBAE-F602374668D9}.Debug|Any CPU.ActiveCfg = Debug|Any CPU
		{D4D1E1AA-1D64-4DC6-BBAE-F602374668D9}.Debug|Any CPU.Build.0 = Debug|Any CPU
		{D4D1E1AA-1D64-4DC6-BBAE-F602374668D9}.Release|Any CPU.ActiveCfg = Release|Any CPU
		{D4D1E1AA-1D64-4DC6-BBAE-F602374668D9}.Release|Any CPU.Build.0 = Release|Any CPU
		{5DA2B5FF-05F2-4A17-B105-35C1650C2F13}.Debug|Any CPU.ActiveCfg = Debug|Any CPU
		{5DA2B5FF-05F2-4A17-B105-35C1650C2F13}.Debug|Any CPU.Build.0 = Debug|Any CPU
		{5DA2B5FF-05F2-4A17-B105-35C1650C2F13}.Release|Any CPU.ActiveCfg = Release|Any CPU
		{5DA2B5FF-05F2-4A17-B105-35C1650C2F13}.Release|Any CPU.Build.0 = Release|Any CPU
		{CD95EB3E-89E7-4013-B248-B90436C58B7C}.Debug|Any CPU.ActiveCfg = Debug|Any CPU
		{CD95EB3E-89E7-4013-B248-B90436C58B7C}.Debug|Any CPU.Build.0 = Debug|Any CPU
		{CD95EB3E-89E7-4013-B248-B90436C58B7C}.Release|Any CPU.ActiveCfg = Release|Any CPU
		{CD95EB3E-89E7-4013-B248-B90436C58B7C}.Release|Any CPU.Build.0 = Release|Any CPU
		{1A2DD6FE-F6DA-4EBC-A5B2-6306F6329D9B}.Debug|Any CPU.ActiveCfg = Debug|Any CPU
		{1A2DD6FE-F6DA-4EBC-A5B2-6306F6329D9B}.Debug|Any CPU.Build.0 = Debug|Any CPU
		{1A2DD6FE-F6DA-4EBC-A5B2-6306F6329D9B}.Release|Any CPU.ActiveCfg = Release|Any CPU
		{1A2DD6FE-F6DA-4EBC-A5B2-6306F6329D9B}.Release|Any CPU.Build.0 = Release|Any CPU
		{E0D8E439-A472-4A2C-B2B4-2165AD13BC89}.Debug|Any CPU.ActiveCfg = Debug|Any CPU
		{E0D8E439-A472-4A2C-B2B4-2165AD13BC89}.Debug|Any CPU.Build.0 = Debug|Any CPU
		{E0D8E439-A472-4A2C-B2B4-2165AD13BC89}.Release|Any CPU.ActiveCfg = Release|Any CPU
		{E0D8E439-A472-4A2C-B2B4-2165AD13BC89}.Release|Any CPU.Build.0 = Release|Any CPU
	EndGlobalSection
	GlobalSection(SolutionProperties) = preSolution
		HideSolutionNode = FALSE
	EndGlobalSection
	GlobalSection(NestedProjects) = preSolution
		{1D86B447-9A0F-4AC0-B83A-3BACB13B89F4} = {F833394B-096A-4197-90A7-FE00AA45F711}
		{7662E824-5B7E-4A6F-92D1-DAEB2D19C37C} = {F833394B-096A-4197-90A7-FE00AA45F711}
		{D4D1E1AA-1D64-4DC6-BBAE-F602374668D9} = {F833394B-096A-4197-90A7-FE00AA45F711}
		{5DA2B5FF-05F2-4A17-B105-35C1650C2F13} = {F833394B-096A-4197-90A7-FE00AA45F711}
		{CD95EB3E-89E7-4013-B248-B90436C58B7C} = {F833394B-096A-4197-90A7-FE00AA45F711}
		{1A2DD6FE-F6DA-4EBC-A5B2-6306F6329D9B} = {BF2FC097-39C7-4B26-B84A-A4BC648F969E}
		{E0D8E439-A472-4A2C-B2B4-2165AD13BC89} = {BF2FC097-39C7-4B26-B84A-A4BC648F969E}
	EndGlobalSection
	GlobalSection(ExtensibilityGlobals) = postSolution
		SolutionGuid = {6F096069-C4F3-4187-8800-0811BBDA873A}
	EndGlobalSection
	GlobalSection(MonoDevelopProperties) = preSolution
		Policies = $0
		$0.DotNetNamingPolicy = $1
		$1.DirectoryNamespaceAssociation = PrefixedHierarchical
		$0.StandardHeader = $2
	EndGlobalSection
EndGlobal
