
Microsoft Visual Studio Solution File, Format Version 12.00
Project("{2150E333-8FDC-42A3-9474-1A3956D46DE8}") = "src", "src", "{B650C1B9-A5F1-4214-AEB4-C7EBECE1771B}"
EndProject
Project("{2150E333-8FDC-42A3-9474-1A3956D46DE8}") = "test", "test", "{B5BD3C24-946A-4DDF-97CC-49DB6CC166FE}"
EndProject
Project("{FAE04EC0-301F-11D3-BF4B-00C04F79EFBC}") = "TuduManayer.web.react", "src\TuduManayer.web.react\TuduManayer.web.react.csproj", "{9F967D26-C0EF-4A24-B8E8-492BA6D91BAC}"
EndProject
Project("{FAE04EC0-301F-11D3-BF4B-00C04F79EFBC}") = "TuduManayer.web.api", "src\TuduManayer.web.api\TuduManayer.web.api.csproj", "{DF94F3FC-C242-4453-8CCA-E7F1CA4E1C0D}"
EndProject
Project("{FAE04EC0-301F-11D3-BF4B-00C04F79EFBC}") = "TuduManayer.Domain", "src\TuduManayer.Domain\TuduManayer.Domain.csproj", "{F3C36D21-CEB3-46B4-9E4A-E9B4B85711FD}"
EndProject
Project("{FAE04EC0-301F-11D3-BF4B-00C04F79EFBC}") = "TuduManayer.web.api.Test", "test\TuduManayer.web.api.Test\TuduManayer.web.api.Test.csproj", "{2E973C26-BC32-4D7D-8644-E3B0E474AC6A}"
EndProject
Project("{FAE04EC0-301F-11D3-BF4B-00C04F79EFBC}") = "TuduManayer.Domain.Test", "test\TuduManayer.Domain.Test\TuduManayer.Domain.Test.csproj", "{C0E3D596-642C-4894-911C-14D190FFB73E}"
EndProject
Global
	GlobalSection(SolutionConfigurationPlatforms) = preSolution
		Debug|Any CPU = Debug|Any CPU
		Release|Any CPU = Release|Any CPU
	EndGlobalSection
	GlobalSection(NestedProjects) = preSolution
		{9F967D26-C0EF-4A24-B8E8-492BA6D91BAC} = {B650C1B9-A5F1-4214-AEB4-C7EBECE1771B}
		{DF94F3FC-C242-4453-8CCA-E7F1CA4E1C0D} = {B650C1B9-A5F1-4214-AEB4-C7EBECE1771B}
		{F3C36D21-CEB3-46B4-9E4A-E9B4B85711FD} = {B650C1B9-A5F1-4214-AEB4-C7EBECE1771B}
		{2E973C26-BC32-4D7D-8644-E3B0E474AC6A} = {B5BD3C24-946A-4DDF-97CC-49DB6CC166FE}
		{C0E3D596-642C-4894-911C-14D190FFB73E} = {B5BD3C24-946A-4DDF-97CC-49DB6CC166FE}
	EndGlobalSection
	GlobalSection(ProjectConfigurationPlatforms) = postSolution
		{9F967D26-C0EF-4A24-B8E8-492BA6D91BAC}.Debug|Any CPU.ActiveCfg = Debug|Any CPU
		{9F967D26-C0EF-4A24-B8E8-492BA6D91BAC}.Debug|Any CPU.Build.0 = Debug|Any CPU
		{9F967D26-C0EF-4A24-B8E8-492BA6D91BAC}.Release|Any CPU.ActiveCfg = Release|Any CPU
		{9F967D26-C0EF-4A24-B8E8-492BA6D91BAC}.Release|Any CPU.Build.0 = Release|Any CPU
		{DF94F3FC-C242-4453-8CCA-E7F1CA4E1C0D}.Debug|Any CPU.ActiveCfg = Debug|Any CPU
		{DF94F3FC-C242-4453-8CCA-E7F1CA4E1C0D}.Debug|Any CPU.Build.0 = Debug|Any CPU
		{DF94F3FC-C242-4453-8CCA-E7F1CA4E1C0D}.Release|Any CPU.ActiveCfg = Release|Any CPU
		{DF94F3FC-C242-4453-8CCA-E7F1CA4E1C0D}.Release|Any CPU.Build.0 = Release|Any CPU
		{F3C36D21-CEB3-46B4-9E4A-E9B4B85711FD}.Debug|Any CPU.ActiveCfg = Debug|Any CPU
		{F3C36D21-CEB3-46B4-9E4A-E9B4B85711FD}.Debug|Any CPU.Build.0 = Debug|Any CPU
		{F3C36D21-CEB3-46B4-9E4A-E9B4B85711FD}.Release|Any CPU.ActiveCfg = Release|Any CPU
		{F3C36D21-CEB3-46B4-9E4A-E9B4B85711FD}.Release|Any CPU.Build.0 = Release|Any CPU
		{2E973C26-BC32-4D7D-8644-E3B0E474AC6A}.Debug|Any CPU.ActiveCfg = Debug|Any CPU
		{2E973C26-BC32-4D7D-8644-E3B0E474AC6A}.Debug|Any CPU.Build.0 = Debug|Any CPU
		{2E973C26-BC32-4D7D-8644-E3B0E474AC6A}.Release|Any CPU.ActiveCfg = Release|Any CPU
		{2E973C26-BC32-4D7D-8644-E3B0E474AC6A}.Release|Any CPU.Build.0 = Release|Any CPU
		{C0E3D596-642C-4894-911C-14D190FFB73E}.Debug|Any CPU.ActiveCfg = Debug|Any CPU
		{C0E3D596-642C-4894-911C-14D190FFB73E}.Debug|Any CPU.Build.0 = Debug|Any CPU
		{C0E3D596-642C-4894-911C-14D190FFB73E}.Release|Any CPU.ActiveCfg = Release|Any CPU
		{C0E3D596-642C-4894-911C-14D190FFB73E}.Release|Any CPU.Build.0 = Release|Any CPU
	EndGlobalSection
EndGlobal
