
Microsoft Visual Studio Solution File, Format Version 12.00
Project("{FAE04EC0-301F-11D3-BF4B-00C04F79EFBC}") = "RedisDotNet", "RedisDotNet\RedisDotNet.csproj", "{DAF60FA7-6883-4D4C-8F92-51B9FB0D5C1E}"
EndProject
Project("{FAE04EC0-301F-11D3-BF4B-00C04F79EFBC}") = "RedisDotNet.Unit.Test", "RedisDotNet.Unit.Test\RedisDotNet.Unit.Test.csproj", "{204CBBCA-A4EE-4DC0-8FA8-D71CA9949B23}"
EndProject
Project("{FAE04EC0-301F-11D3-BF4B-00C04F79EFBC}") = "RedisDotNet.Integration.Test", "RedisDotNet.Integration.Test\RedisDotNet.Integration.Test.csproj", "{61F02B05-6090-45B8-AA5F-F753C138CAFF}"
EndProject
Global
	GlobalSection(SolutionConfigurationPlatforms) = preSolution
		Debug|Any CPU = Debug|Any CPU
		Release|Any CPU = Release|Any CPU
	EndGlobalSection
	GlobalSection(ProjectConfigurationPlatforms) = postSolution
		{DAF60FA7-6883-4D4C-8F92-51B9FB0D5C1E}.Debug|Any CPU.ActiveCfg = Debug|Any CPU
		{DAF60FA7-6883-4D4C-8F92-51B9FB0D5C1E}.Debug|Any CPU.Build.0 = Debug|Any CPU
		{DAF60FA7-6883-4D4C-8F92-51B9FB0D5C1E}.Release|Any CPU.ActiveCfg = Release|Any CPU
		{DAF60FA7-6883-4D4C-8F92-51B9FB0D5C1E}.Release|Any CPU.Build.0 = Release|Any CPU
		{204CBBCA-A4EE-4DC0-8FA8-D71CA9949B23}.Debug|Any CPU.ActiveCfg = Debug|Any CPU
		{204CBBCA-A4EE-4DC0-8FA8-D71CA9949B23}.Debug|Any CPU.Build.0 = Debug|Any CPU
		{204CBBCA-A4EE-4DC0-8FA8-D71CA9949B23}.Release|Any CPU.ActiveCfg = Release|Any CPU
		{204CBBCA-A4EE-4DC0-8FA8-D71CA9949B23}.Release|Any CPU.Build.0 = Release|Any CPU
		{61F02B05-6090-45B8-AA5F-F753C138CAFF}.Debug|Any CPU.ActiveCfg = Debug|Any CPU
		{61F02B05-6090-45B8-AA5F-F753C138CAFF}.Debug|Any CPU.Build.0 = Debug|Any CPU
		{61F02B05-6090-45B8-AA5F-F753C138CAFF}.Release|Any CPU.ActiveCfg = Release|Any CPU
		{61F02B05-6090-45B8-AA5F-F753C138CAFF}.Release|Any CPU.Build.0 = Release|Any CPU
	EndGlobalSection
EndGlobal
