
Microsoft Visual Studio Solution File, Format Version 12.00
# Visual Studio 15
VisualStudioVersion = 15.0.27130.2010
MinimumVisualStudioVersion = 10.0.40219.1
Project("{FAE04EC0-301F-11D3-BF4B-00C04F79EFBC}") = "ExtensionMethods", "ExtensionMethods\ExtensionMethods.csproj", "{818E6CBC-6EC5-40D2-856B-60ED31FEDEF0}"
EndProject
Project("{FAE04EC0-301F-11D3-BF4B-00C04F79EFBC}") = "ExtensionMethodsTests", "ExtensionMethodsTests\ExtensionMethodsTests.csproj", "{CBB30F4F-AE74-4E97-8A09-6AACE5E77EB8}"
EndProject
Global
	GlobalSection(SolutionConfigurationPlatforms) = preSolution
		Debug|Any CPU = Debug|Any CPU
		Release|Any CPU = Release|Any CPU
	EndGlobalSection
	GlobalSection(ProjectConfigurationPlatforms) = postSolution
		{818E6CBC-6EC5-40D2-856B-60ED31FEDEF0}.Debug|Any CPU.ActiveCfg = Debug|Any CPU
		{818E6CBC-6EC5-40D2-856B-60ED31FEDEF0}.Debug|Any CPU.Build.0 = Debug|Any CPU
		{818E6CBC-6EC5-40D2-856B-60ED31FEDEF0}.Release|Any CPU.ActiveCfg = Release|Any CPU
		{818E6CBC-6EC5-40D2-856B-60ED31FEDEF0}.Release|Any CPU.Build.0 = Release|Any CPU
		{CBB30F4F-AE74-4E97-8A09-6AACE5E77EB8}.Debug|Any CPU.ActiveCfg = Debug|Any CPU
		{CBB30F4F-AE74-4E97-8A09-6AACE5E77EB8}.Debug|Any CPU.Build.0 = Debug|Any CPU
		{CBB30F4F-AE74-4E97-8A09-6AACE5E77EB8}.Release|Any CPU.ActiveCfg = Release|Any CPU
		{CBB30F4F-AE74-4E97-8A09-6AACE5E77EB8}.Release|Any CPU.Build.0 = Release|Any CPU
	EndGlobalSection
	GlobalSection(SolutionProperties) = preSolution
		HideSolutionNode = FALSE
	EndGlobalSection
	GlobalSection(ExtensibilityGlobals) = postSolution
		SolutionGuid = {F1013A8B-A0BC-4C9B-A39A-BEFD941C14E0}
	EndGlobalSection
EndGlobal
