
Microsoft Visual Studio Solution File, Format Version 12.00
# Visual Studio 14
VisualStudioVersion = 14.0.25420.1
MinimumVisualStudioVersion = 10.0.40219.1
Project("{2150E333-8FDC-42A3-9474-1A3956D46DE8}") = "src", "src", "{221C1D19-5360-48B1-953A-AB236A34C682}"
EndProject
Project("{2150E333-8FDC-42A3-9474-1A3956D46DE8}") = "test", "test", "{F8023B8F-6A54-403E-9F82-46B6A05F09C7}"
EndProject
Project("{2150E333-8FDC-42A3-9474-1A3956D46DE8}") = "BussinessLogic", "BussinessLogic", "{ADFA9C30-5472-4898-8230-DBC2EFE0A0EF}"
EndProject
Project("{2150E333-8FDC-42A3-9474-1A3956D46DE8}") = "Persistence", "Persistence", "{F6401E24-6A57-4FA4-A893-0AEC460B9F6C}"
EndProject
Project("{2150E333-8FDC-42A3-9474-1A3956D46DE8}") = "UserInterface", "UserInterface", "{7ED988B6-E0F3-43DD-975A-DCDB7696D730}"
EndProject
Project("{8BB2217D-0F2D-49D1-97BC-3654ED321F3B}") = "TuduManayer.UserInterface.AspNetCore.Mvc", "src\UserInterface\TuduManayer.UserInterface.AspNetCore.Mvc\TuduManayer.UserInterface.AspNetCore.Mvc.xproj", "{3E95F200-9048-4555-AF12-9864F04D51C7}"
EndProject
Project("{8BB2217D-0F2D-49D1-97BC-3654ED321F3B}") = "TuduManayer.BussinessLogic.NETCore", "src\BussinessLogic\TuduManayer.BussinessLogic.NETCore\TuduManayer.BussinessLogic.NETCore.xproj", "{81264C1B-6D80-473B-9D8C-BA43B4113910}"
EndProject
Project("{2150E333-8FDC-42A3-9474-1A3956D46DE8}") = "Solution Items", "Solution Items", "{3F641FC5-1FC5-44B7-BB75-67DB17BC1664}"
	ProjectSection(SolutionItems) = preProject
		global.json = global.json
	EndProjectSection
EndProject
Global
	GlobalSection(SolutionConfigurationPlatforms) = preSolution
		Debug|Any CPU = Debug|Any CPU
		Release|Any CPU = Release|Any CPU
	EndGlobalSection
	GlobalSection(ProjectConfigurationPlatforms) = postSolution
		{3E95F200-9048-4555-AF12-9864F04D51C7}.Debug|Any CPU.ActiveCfg = Debug|Any CPU
		{3E95F200-9048-4555-AF12-9864F04D51C7}.Debug|Any CPU.Build.0 = Debug|Any CPU
		{3E95F200-9048-4555-AF12-9864F04D51C7}.Release|Any CPU.ActiveCfg = Release|Any CPU
		{3E95F200-9048-4555-AF12-9864F04D51C7}.Release|Any CPU.Build.0 = Release|Any CPU
		{81264C1B-6D80-473B-9D8C-BA43B4113910}.Debug|Any CPU.ActiveCfg = Debug|Any CPU
		{81264C1B-6D80-473B-9D8C-BA43B4113910}.Debug|Any CPU.Build.0 = Debug|Any CPU
		{81264C1B-6D80-473B-9D8C-BA43B4113910}.Release|Any CPU.ActiveCfg = Release|Any CPU
		{81264C1B-6D80-473B-9D8C-BA43B4113910}.Release|Any CPU.Build.0 = Release|Any CPU
	EndGlobalSection
	GlobalSection(SolutionProperties) = preSolution
		HideSolutionNode = FALSE
	EndGlobalSection
	GlobalSection(NestedProjects) = preSolution
		{ADFA9C30-5472-4898-8230-DBC2EFE0A0EF} = {221C1D19-5360-48B1-953A-AB236A34C682}
		{F6401E24-6A57-4FA4-A893-0AEC460B9F6C} = {221C1D19-5360-48B1-953A-AB236A34C682}
		{7ED988B6-E0F3-43DD-975A-DCDB7696D730} = {221C1D19-5360-48B1-953A-AB236A34C682}
		{3E95F200-9048-4555-AF12-9864F04D51C7} = {7ED988B6-E0F3-43DD-975A-DCDB7696D730}
		{81264C1B-6D80-473B-9D8C-BA43B4113910} = {ADFA9C30-5472-4898-8230-DBC2EFE0A0EF}
	EndGlobalSection
EndGlobal
