
Microsoft Visual Studio Solution File, Format Version 12.00
# Visual Studio 15
VisualStudioVersion = 15.0.27130.2036
MinimumVisualStudioVersion = 10.0.40219.1
Project("{2150E333-8FDC-42A3-9474-1A3956D46DE8}") = "src", "src", "{CF5E4F7E-8A78-4009-9F32-BE8F72F45FC8}"
EndProject
Project("{2150E333-8FDC-42A3-9474-1A3956D46DE8}") = "test", "test", "{86F1CA57-B34C-406E-9238-AD18FBF2DE16}"
EndProject
Project("{2150E333-8FDC-42A3-9474-1A3956D46DE8}") = "unit", "unit", "{F3B505A0-EE4B-4CB9-A53F-322537FFF9DE}"
EndProject
Project("{2150E333-8FDC-42A3-9474-1A3956D46DE8}") = "integration", "integration", "{85B08CEE-C4AE-4E9D-BC12-8A07CC012960}"
EndProject
Project("{9A19103F-16F7-4668-BE54-9A1E7A4F7556}") = "GambonUnitTest", "test\unit\GambonUnitTest\GambonUnitTest.csproj", "{346515A1-5BFD-45EF-972F-6DB9708FE678}"
EndProject
Project("{9A19103F-16F7-4668-BE54-9A1E7A4F7556}") = "GambonIntegrationTest", "test\integration\GambonIntegrationTest\GambonIntegrationTest.csproj", "{3807CC11-B60F-4899-9451-7A60E1A087CD}"
EndProject
Project("{9A19103F-16F7-4668-BE54-9A1E7A4F7556}") = "Gambon", "src\Gambon\Gambon.csproj", "{8729BCE2-B47A-4BE8-A88D-D37EC66585D7}"
EndProject
Project("{2150E333-8FDC-42A3-9474-1A3956D46DE8}") = "Solution Items", "Solution Items", "{519EF205-ECAC-4404-BC63-7838F9E3801C}"
	ProjectSection(SolutionItems) = preProject
		README.md = README.md
	EndProjectSection
EndProject
Global
	GlobalSection(SolutionConfigurationPlatforms) = preSolution
		Debug|Any CPU = Debug|Any CPU
		Release|Any CPU = Release|Any CPU
	EndGlobalSection
	GlobalSection(ProjectConfigurationPlatforms) = postSolution
		{346515A1-5BFD-45EF-972F-6DB9708FE678}.Debug|Any CPU.ActiveCfg = Debug|Any CPU
		{346515A1-5BFD-45EF-972F-6DB9708FE678}.Debug|Any CPU.Build.0 = Debug|Any CPU
		{346515A1-5BFD-45EF-972F-6DB9708FE678}.Release|Any CPU.ActiveCfg = Release|Any CPU
		{346515A1-5BFD-45EF-972F-6DB9708FE678}.Release|Any CPU.Build.0 = Release|Any CPU
		{3807CC11-B60F-4899-9451-7A60E1A087CD}.Debug|Any CPU.ActiveCfg = Debug|Any CPU
		{3807CC11-B60F-4899-9451-7A60E1A087CD}.Debug|Any CPU.Build.0 = Debug|Any CPU
		{3807CC11-B60F-4899-9451-7A60E1A087CD}.Release|Any CPU.ActiveCfg = Release|Any CPU
		{3807CC11-B60F-4899-9451-7A60E1A087CD}.Release|Any CPU.Build.0 = Release|Any CPU
		{8729BCE2-B47A-4BE8-A88D-D37EC66585D7}.Debug|Any CPU.ActiveCfg = Debug|Any CPU
		{8729BCE2-B47A-4BE8-A88D-D37EC66585D7}.Debug|Any CPU.Build.0 = Debug|Any CPU
		{8729BCE2-B47A-4BE8-A88D-D37EC66585D7}.Release|Any CPU.ActiveCfg = Release|Any CPU
		{8729BCE2-B47A-4BE8-A88D-D37EC66585D7}.Release|Any CPU.Build.0 = Release|Any CPU
	EndGlobalSection
	GlobalSection(SolutionProperties) = preSolution
		HideSolutionNode = FALSE
	EndGlobalSection
	GlobalSection(NestedProjects) = preSolution
		{F3B505A0-EE4B-4CB9-A53F-322537FFF9DE} = {86F1CA57-B34C-406E-9238-AD18FBF2DE16}
		{85B08CEE-C4AE-4E9D-BC12-8A07CC012960} = {86F1CA57-B34C-406E-9238-AD18FBF2DE16}
		{346515A1-5BFD-45EF-972F-6DB9708FE678} = {F3B505A0-EE4B-4CB9-A53F-322537FFF9DE}
		{3807CC11-B60F-4899-9451-7A60E1A087CD} = {85B08CEE-C4AE-4E9D-BC12-8A07CC012960}
		{8729BCE2-B47A-4BE8-A88D-D37EC66585D7} = {CF5E4F7E-8A78-4009-9F32-BE8F72F45FC8}
	EndGlobalSection
	GlobalSection(ExtensibilityGlobals) = postSolution
		SolutionGuid = {B7F3F877-EA64-4F59-B56D-D642DA465074}
	EndGlobalSection
EndGlobal
