
Microsoft Visual Studio Solution File, Format Version 12.00
# Visual Studio 2012
Project("{FAE04EC0-301F-11D3-BF4B-00C04F79EFBC}") = "Squel", "Squel\Squel.csproj", "{9E39F146-CF28-4E08-962F-10DDD3AFF2B4}"
EndProject
Project("{FAE04EC0-301F-11D3-BF4B-00C04F79EFBC}") = "Squel.Test", "Squel.Test\Squel.Test.csproj", "{2DDEC619-FF03-49CF-AE84-BCF7B8BA0852}"
EndProject
Global
	GlobalSection(SolutionConfigurationPlatforms) = preSolution
		Debug|Any CPU = Debug|Any CPU
		Release|Any CPU = Release|Any CPU
	EndGlobalSection
	GlobalSection(ProjectConfigurationPlatforms) = postSolution
		{9E39F146-CF28-4E08-962F-10DDD3AFF2B4}.Debug|Any CPU.ActiveCfg = Debug|Any CPU
		{9E39F146-CF28-4E08-962F-10DDD3AFF2B4}.Debug|Any CPU.Build.0 = Debug|Any CPU
		{9E39F146-CF28-4E08-962F-10DDD3AFF2B4}.Release|Any CPU.ActiveCfg = Release|Any CPU
		{9E39F146-CF28-4E08-962F-10DDD3AFF2B4}.Release|Any CPU.Build.0 = Release|Any CPU
		{2DDEC619-FF03-49CF-AE84-BCF7B8BA0852}.Debug|Any CPU.ActiveCfg = Debug|Any CPU
		{2DDEC619-FF03-49CF-AE84-BCF7B8BA0852}.Debug|Any CPU.Build.0 = Debug|Any CPU
		{2DDEC619-FF03-49CF-AE84-BCF7B8BA0852}.Release|Any CPU.ActiveCfg = Release|Any CPU
		{2DDEC619-FF03-49CF-AE84-BCF7B8BA0852}.Release|Any CPU.Build.0 = Release|Any CPU
	EndGlobalSection
	GlobalSection(SolutionProperties) = preSolution
		HideSolutionNode = FALSE
	EndGlobalSection
EndGlobal
